{
    "_readme": [
        "This file locks the dependencies of your project to a known state",
        "Read more about it at http://getcomposer.org/doc/01-basic-usage.md#composer-lock-the-lock-file",
        "This file is @generated automatically"
    ],
    "hash": "6e78e6d910c342ea7e73d650b5576e10",
    "packages": [
        {
            "name": "ajbdev/authorizenet-php-api",
            "version": "dev-master",
            "source": {
                "type": "git",
                "url": "https://github.com/ajbdev/authorizenet-php-api.git",
                "reference": "879f60b7b1bfc6dbf8166ad3d1db0c80be71b6cd"
            },
            "dist": {
                "type": "zip",
                "url": "https://api.github.com/repos/ajbdev/authorizenet-php-api/zipball/879f60b7b1bfc6dbf8166ad3d1db0c80be71b6cd",
                "reference": "879f60b7b1bfc6dbf8166ad3d1db0c80be71b6cd",
                "shasum": ""
            },
            "require": {
                "php": ">=5.2.0"
            },
            "type": "library",
            "autoload": {
                "classmap": [
                    "lib/",
                    "AuthorizeNet.php"
                ]
            },
            "notification-url": "https://packagist.org/downloads/",
            "description": "Authorize.NET PHP library with composer support",
            "keywords": [
                "authorize.net",
                "ecommerce",
                "payment"
            ],
            "time": "2014-02-21 16:14:50"
        }
    ],
    "packages-dev": [

    ],
    "aliases": [

    ],
    "minimum-stability": "stable",
    "stability-flags": {
        "ajbdev/authorizenet-php-api": 20
    },
    "prefer-stable": false,
    "platform": {
        "php": ">=5.4.0"
    },
    "platform-dev": [

    ]
}
